
Microsoft Visual Studio Solution File, Format Version 12.00
# Visual Studio 15
VisualStudioVersion = 15.0.27130.2036
MinimumVisualStudioVersion = 10.0.40219.1
Project("{9A19103F-16F7-4668-BE54-9A1E7A4F7556}") = "API", "API\API.csproj", "{B02BEFA2-647A-4953-9B65-AC54D93A9C4A}"
EndProject
Project("{9A19103F-16F7-4668-BE54-9A1E7A4F7556}") = "TestingControllersSample", "..\Docs-master\aspnetcore\mvc\controllers\testing\sample\TestingControllersSample\src\TestingControllersSample\TestingControllersSample.csproj", "{C9D14F23-5E12-4758-A9FE-6F8490574915}"
EndProject
Project("{9A19103F-16F7-4668-BE54-9A1E7A4F7556}") = "TestingControllersSample.Tests", "..\Docs-master\aspnetcore\mvc\controllers\testing\sample\TestingControllersSample\tests\TestingControllersSample.Tests\TestingControllersSample.Tests.csproj", "{036657EA-77CB-4A1A-A784-F538D8DA0E80}"
EndProject
Global
	GlobalSection(SolutionConfigurationPlatforms) = preSolution
		Debug|Any CPU = Debug|Any CPU
		Release|Any CPU = Release|Any CPU
	EndGlobalSection
	GlobalSection(ProjectConfigurationPlatforms) = postSolution
		{B02BEFA2-647A-4953-9B65-AC54D93A9C4A}.Debug|Any CPU.ActiveCfg = Debug|Any CPU
		{B02BEFA2-647A-4953-9B65-AC54D93A9C4A}.Debug|Any CPU.Build.0 = Debug|Any CPU
		{B02BEFA2-647A-4953-9B65-AC54D93A9C4A}.Release|Any CPU.ActiveCfg = Release|Any CPU
		{B02BEFA2-647A-4953-9B65-AC54D93A9C4A}.Release|Any CPU.Build.0 = Release|Any CPU
		{C9D14F23-5E12-4758-A9FE-6F8490574915}.Debug|Any CPU.ActiveCfg = Debug|Any CPU
		{C9D14F23-5E12-4758-A9FE-6F8490574915}.Debug|Any CPU.Build.0 = Debug|Any CPU
		{C9D14F23-5E12-4758-A9FE-6F8490574915}.Release|Any CPU.ActiveCfg = Release|Any CPU
		{C9D14F23-5E12-4758-A9FE-6F8490574915}.Release|Any CPU.Build.0 = Release|Any CPU
		{036657EA-77CB-4A1A-A784-F538D8DA0E80}.Debug|Any CPU.ActiveCfg = Debug|Any CPU
		{036657EA-77CB-4A1A-A784-F538D8DA0E80}.Debug|Any CPU.Build.0 = Debug|Any CPU
		{036657EA-77CB-4A1A-A784-F538D8DA0E80}.Release|Any CPU.ActiveCfg = Release|Any CPU
		{036657EA-77CB-4A1A-A784-F538D8DA0E80}.Release|Any CPU.Build.0 = Release|Any CPU
	EndGlobalSection
	GlobalSection(SolutionProperties) = preSolution
		HideSolutionNode = FALSE
	EndGlobalSection
	GlobalSection(ExtensibilityGlobals) = postSolution
		SolutionGuid = {80FAE769-CF05-42E4-BA77-A2F884CDF38F}
	EndGlobalSection
EndGlobal
